// !$*UTF8*$!
{
	archiveVersion = 1;
	classes = {
	};
	objectVersion = 55;
	objects = {

/* Begin PBXBuildFile section */
		A05E8A7928AEFA46007735A0 /* WeatherApp.swift in Sources */ = {isa = PBXBuildFile; fileRef = A05E8A7828AEFA46007735A0 /* WeatherApp.swift */; };
		A05E8A7B28AEFA46007735A0 /* HomeView.swift in Sources */ = {isa = PBXBuildFile; fileRef = A05E8A7A28AEFA46007735A0 /* HomeView.swift */; };
		A05E8A7D28AEFA4C007735A0 /* Assets.xcassets in Resources */ = {isa = PBXBuildFile; fileRef = A05E8A7C28AEFA4C007735A0 /* Assets.xcassets */; };
		A05E8A8028AEFA4C007735A0 /* Preview Assets.xcassets in Resources */ = {isa = PBXBuildFile; fileRef = A05E8A7F28AEFA4C007735A0 /* Preview Assets.xcassets */; };
		A0706EF128AEFC680076E38D /* Request.swift in Sources */ = {isa = PBXBuildFile; fileRef = A0706EED28AEFC660076E38D /* Request.swift */; };
		A0706EF228AEFC680076E38D /* WeatherModel.swift in Sources */ = {isa = PBXBuildFile; fileRef = A0706EEE28AEFC670076E38D /* WeatherModel.swift */; };
		A0706EF328AEFC680076E38D /* RequestMiddleware.swift in Sources */ = {isa = PBXBuildFile; fileRef = A0706EEF28AEFC680076E38D /* RequestMiddleware.swift */; };
		A0706EF428AEFC680076E38D /* WeatherService.swift in Sources */ = {isa = PBXBuildFile; fileRef = A0706EF028AEFC680076E38D /* WeatherService.swift */; };
		A0706EFC28AEFF9A0076E38D /* APIPath.swift in Sources */ = {isa = PBXBuildFile; fileRef = A0706EFA28AEFF9A0076E38D /* APIPath.swift */; };
		A0706EFD28AEFF9A0076E38D /* APIClient.swift in Sources */ = {isa = PBXBuildFile; fileRef = A0706EFB28AEFF9A0076E38D /* APIClient.swift */; };
		A0706F0028AF0F7E0076E38D /* HomeViewModel.swift in Sources */ = {isa = PBXBuildFile; fileRef = A0706EFF28AF0F7E0076E38D /* HomeViewModel.swift */; };
		A0706F0428AFD1E30076E38D /* WeatherView.swift in Sources */ = {isa = PBXBuildFile; fileRef = A0706F0328AFD1E30076E38D /* WeatherView.swift */; };
		A0706F0728AFFAA80076E38D /* Double+Extension.swift in Sources */ = {isa = PBXBuildFile; fileRef = A0706F0628AFFAA80076E38D /* Double+Extension.swift */; };
		A0706F0928B065C30076E38D /* StatusView.swift in Sources */ = {isa = PBXBuildFile; fileRef = A0706F0828B065C30076E38D /* StatusView.swift */; };
		A0706F0C28B076D50076E38D /* HomeViewModelTests.swift in Sources */ = {isa = PBXBuildFile; fileRef = A0706F0B28B076D50076E38D /* HomeViewModelTests.swift */; };
		A0706F0E28B0778E0076E38D /* MockWeatherService.swift in Sources */ = {isa = PBXBuildFile; fileRef = A0706F0D28B0778E0076E38D /* MockWeatherService.swift */; };
		A0706F1028B07AEA0076E38D /* Mockable.swift in Sources */ = {isa = PBXBuildFile; fileRef = A0706F0F28B07AEA0076E38D /* Mockable.swift */; };
		A0706F1228B080640076E38D /* MockWeather.json in Resources */ = {isa = PBXBuildFile; fileRef = A0706F1128B07DF30076E38D /* MockWeather.json */; };
/* End PBXBuildFile section */

/* Begin PBXContainerItemProxy section */
		A05E8A8628AEFA4D007735A0 /* PBXContainerItemProxy */ = {
			isa = PBXContainerItemProxy;
			containerPortal = A05E8A6D28AEFA46007735A0 /* Project object */;
			proxyType = 1;
			remoteGlobalIDString = A05E8A7428AEFA46007735A0;
			remoteInfo = Weather;
		};
/* End PBXContainerItemProxy section */

/* Begin PBXFileReference section */
		A05E8A7528AEFA46007735A0 /* Weather.app */ = {isa = PBXFileReference; explicitFileType = wrapper.application; includeInIndex = 0; path = Weather.app; sourceTree = BUILT_PRODUCTS_DIR; };
		A05E8A7828AEFA46007735A0 /* WeatherApp.swift */ = {isa = PBXFileReference; lastKnownFileType = sourcecode.swift; path = WeatherApp.swift; sourceTree = "<group>"; };
		A05E8A7A28AEFA46007735A0 /* HomeView.swift */ = {isa = PBXFileReference; lastKnownFileType = sourcecode.swift; path = HomeView.swift; sourceTree = "<group>"; };
		A05E8A7C28AEFA4C007735A0 /* Assets.xcassets */ = {isa = PBXFileReference; lastKnownFileType = folder.assetcatalog; path = Assets.xcassets; sourceTree = "<group>"; };
		A05E8A7F28AEFA4C007735A0 /* Preview Assets.xcassets */ = {isa = PBXFileReference; lastKnownFileType = folder.assetcatalog; path = "Preview Assets.xcassets"; sourceTree = "<group>"; };
		A05E8A8528AEFA4D007735A0 /* WeatherTests.xctest */ = {isa = PBXFileReference; explicitFileType = wrapper.cfbundle; includeInIndex = 0; path = WeatherTests.xctest; sourceTree = BUILT_PRODUCTS_DIR; };
		A0706EED28AEFC660076E38D /* Request.swift */ = {isa = PBXFileReference; fileEncoding = 4; lastKnownFileType = sourcecode.swift; path = Request.swift; sourceTree = "<group>"; };
		A0706EEE28AEFC670076E38D /* WeatherModel.swift */ = {isa = PBXFileReference; fileEncoding = 4; lastKnownFileType = sourcecode.swift; path = WeatherModel.swift; sourceTree = "<group>"; };
		A0706EEF28AEFC680076E38D /* RequestMiddleware.swift */ = {isa = PBXFileReference; fileEncoding = 4; lastKnownFileType = sourcecode.swift; path = RequestMiddleware.swift; sourceTree = "<group>"; };
		A0706EF028AEFC680076E38D /* WeatherService.swift */ = {isa = PBXFileReference; fileEncoding = 4; lastKnownFileType = sourcecode.swift; path = WeatherService.swift; sourceTree = "<group>"; };
		A0706EFA28AEFF9A0076E38D /* APIPath.swift */ = {isa = PBXFileReference; fileEncoding = 4; lastKnownFileType = sourcecode.swift; path = APIPath.swift; sourceTree = "<group>"; };
		A0706EFB28AEFF9A0076E38D /* APIClient.swift */ = {isa = PBXFileReference; fileEncoding = 4; lastKnownFileType = sourcecode.swift; path = APIClient.swift; sourceTree = "<group>"; };
		A0706EFE28AF04C50076E38D /* Info.plist */ = {isa = PBXFileReference; lastKnownFileType = text.plist; path = Info.plist; sourceTree = "<group>"; };
		A0706EFF28AF0F7E0076E38D /* HomeViewModel.swift */ = {isa = PBXFileReference; lastKnownFileType = sourcecode.swift; path = HomeViewModel.swift; sourceTree = "<group>"; };
		A0706F0328AFD1E30076E38D /* WeatherView.swift */ = {isa = PBXFileReference; lastKnownFileType = sourcecode.swift; path = WeatherView.swift; sourceTree = "<group>"; };
		A0706F0628AFFAA80076E38D /* Double+Extension.swift */ = {isa = PBXFileReference; lastKnownFileType = sourcecode.swift; path = "Double+Extension.swift"; sourceTree = "<group>"; };
		A0706F0828B065C30076E38D /* StatusView.swift */ = {isa = PBXFileReference; lastKnownFileType = sourcecode.swift; path = StatusView.swift; sourceTree = "<group>"; };
		A0706F0B28B076D50076E38D /* HomeViewModelTests.swift */ = {isa = PBXFileReference; lastKnownFileType = sourcecode.swift; path = HomeViewModelTests.swift; sourceTree = "<group>"; };
		A0706F0D28B0778E0076E38D /* MockWeatherService.swift */ = {isa = PBXFileReference; lastKnownFileType = sourcecode.swift; path = MockWeatherService.swift; sourceTree = "<group>"; };
		A0706F0F28B07AEA0076E38D /* Mockable.swift */ = {isa = PBXFileReference; lastKnownFileType = sourcecode.swift; path = Mockable.swift; sourceTree = "<group>"; };
		A0706F1128B07DF30076E38D /* MockWeather.json */ = {isa = PBXFileReference; lastKnownFileType = text.json; path = MockWeather.json; sourceTree = "<group>"; };
/* End PBXFileReference section */

/* Begin PBXFrameworksBuildPhase section */
		A05E8A7228AEFA46007735A0 /* Frameworks */ = {
			isa = PBXFrameworksBuildPhase;
			buildActionMask = 2147483647;
			files = (
			);
			runOnlyForDeploymentPostprocessing = 0;
		};
		A05E8A8228AEFA4D007735A0 /* Frameworks */ = {
			isa = PBXFrameworksBuildPhase;
			buildActionMask = 2147483647;
			files = (
			);
			runOnlyForDeploymentPostprocessing = 0;
		};
/* End PBXFrameworksBuildPhase section */

/* Begin PBXGroup section */
		A05E8A6C28AEFA46007735A0 = {
			isa = PBXGroup;
			children = (
				A05E8A7728AEFA46007735A0 /* Weather */,
				A05E8A8828AEFA4D007735A0 /* WeatherTests */,
				A05E8A7628AEFA46007735A0 /* Products */,
			);
			sourceTree = "<group>";
		};
		A05E8A7628AEFA46007735A0 /* Products */ = {
			isa = PBXGroup;
			children = (
				A05E8A7528AEFA46007735A0 /* Weather.app */,
				A05E8A8528AEFA4D007735A0 /* WeatherTests.xctest */,
			);
			name = Products;
			sourceTree = "<group>";
		};
		A05E8A7728AEFA46007735A0 /* Weather */ = {
			isa = PBXGroup;
			children = (
				A05E8A7828AEFA46007735A0 /* WeatherApp.swift */,
				A0706EF528AEFC750076E38D /* Networking */,
				A0706F1328B0821F0076E38D /* Services */,
				A0706F0128AF0F8F0076E38D /* UseCase */,
				A0706F0528AFFA920076E38D /* Extensions */,
				A0706EFE28AF04C50076E38D /* Info.plist */,
				A05E8A7C28AEFA4C007735A0 /* Assets.xcassets */,
				A05E8A7E28AEFA4C007735A0 /* Preview Content */,
			);
			path = Weather;
			sourceTree = "<group>";
		};
		A05E8A7E28AEFA4C007735A0 /* Preview Content */ = {
			isa = PBXGroup;
			children = (
				A05E8A7F28AEFA4C007735A0 /* Preview Assets.xcassets */,
			);
			path = "Preview Content";
			sourceTree = "<group>";
		};
		A05E8A8828AEFA4D007735A0 /* WeatherTests */ = {
			isa = PBXGroup;
			children = (
				A0706F0B28B076D50076E38D /* HomeViewModelTests.swift */,
				A0706F0D28B0778E0076E38D /* MockWeatherService.swift */,
				A0706F0F28B07AEA0076E38D /* Mockable.swift */,
				A0706F1128B07DF30076E38D /* MockWeather.json */,
			);
			path = WeatherTests;
			sourceTree = "<group>";
		};
		A0706EF528AEFC750076E38D /* Networking */ = {
			isa = PBXGroup;
			children = (
				A0706EED28AEFC660076E38D /* Request.swift */,
				A0706EEF28AEFC680076E38D /* RequestMiddleware.swift */,
			);
			path = Networking;
			sourceTree = "<group>";
		};
		A0706F0128AF0F8F0076E38D /* UseCase */ = {
			isa = PBXGroup;
			children = (
				A0706F0228AF0FA20076E38D /* Home */,
			);
			path = UseCase;
			sourceTree = "<group>";
		};
		A0706F0228AF0FA20076E38D /* Home */ = {
			isa = PBXGroup;
			children = (
				A0706F0A28B067970076E38D /* views */,
				A05E8A7A28AEFA46007735A0 /* HomeView.swift */,
				A0706EFF28AF0F7E0076E38D /* HomeViewModel.swift */,
				A0706EEE28AEFC670076E38D /* WeatherModel.swift */,
			);
			path = Home;
			sourceTree = "<group>";
		};
		A0706F0528AFFA920076E38D /* Extensions */ = {
			isa = PBXGroup;
			children = (
				A0706F0628AFFAA80076E38D /* Double+Extension.swift */,
			);
			path = Extensions;
			sourceTree = "<group>";
		};
		A0706F0A28B067970076E38D /* views */ = {
			isa = PBXGroup;
			children = (
				A0706F0328AFD1E30076E38D /* WeatherView.swift */,
				A0706F0828B065C30076E38D /* StatusView.swift */,
			);
			path = views;
			sourceTree = "<group>";
		};
		A0706F1328B0821F0076E38D /* Services */ = {
			isa = PBXGroup;
			children = (
				A0706EFB28AEFF9A0076E38D /* APIClient.swift */,
				A0706EFA28AEFF9A0076E38D /* APIPath.swift */,
				A0706EF028AEFC680076E38D /* WeatherService.swift */,
			);
			path = Services;
			sourceTree = "<group>";
		};
/* End PBXGroup section */

/* Begin PBXNativeTarget section */
		A05E8A7428AEFA46007735A0 /* Weather */ = {
			isa = PBXNativeTarget;
			buildConfigurationList = A05E8A9928AEFA4D007735A0 /* Build configuration list for PBXNativeTarget "Weather" */;
			buildPhases = (
				A05E8A7128AEFA46007735A0 /* Sources */,
				A05E8A7228AEFA46007735A0 /* Frameworks */,
				A05E8A7328AEFA46007735A0 /* Resources */,
			);
			buildRules = (
			);
			dependencies = (
			);
			name = Weather;
			productName = Weather;
			productReference = A05E8A7528AEFA46007735A0 /* Weather.app */;
			productType = "com.apple.product-type.application";
		};
		A05E8A8428AEFA4D007735A0 /* WeatherTests */ = {
			isa = PBXNativeTarget;
			buildConfigurationList = A05E8A9C28AEFA4D007735A0 /* Build configuration list for PBXNativeTarget "WeatherTests" */;
			buildPhases = (
				A05E8A8128AEFA4D007735A0 /* Sources */,
				A05E8A8228AEFA4D007735A0 /* Frameworks */,
				A05E8A8328AEFA4D007735A0 /* Resources */,
			);
			buildRules = (
			);
			dependencies = (
				A05E8A8728AEFA4D007735A0 /* PBXTargetDependency */,
			);
			name = WeatherTests;
			productName = WeatherTests;
			productReference = A05E8A8528AEFA4D007735A0 /* WeatherTests.xctest */;
			productType = "com.apple.product-type.bundle.unit-test";
		};
/* End PBXNativeTarget section */

/* Begin PBXProject section */
		A05E8A6D28AEFA46007735A0 /* Project object */ = {
			isa = PBXProject;
			attributes = {
				BuildIndependentTargetsInParallel = 1;
				LastSwiftUpdateCheck = 1330;
				LastUpgradeCheck = 1330;
				TargetAttributes = {
					A05E8A7428AEFA46007735A0 = {
						CreatedOnToolsVersion = 13.3.1;
					};
					A05E8A8428AEFA4D007735A0 = {
						CreatedOnToolsVersion = 13.3.1;
						TestTargetID = A05E8A7428AEFA46007735A0;
					};
				};
			};
			buildConfigurationList = A05E8A7028AEFA46007735A0 /* Build configuration list for PBXProject "Weather" */;
			compatibilityVersion = "Xcode 13.0";
			developmentRegion = en;
			hasScannedForEncodings = 0;
			knownRegions = (
				en,
				Base,
			);
			mainGroup = A05E8A6C28AEFA46007735A0;
			productRefGroup = A05E8A7628AEFA46007735A0 /* Products */;
			projectDirPath = "";
			projectRoot = "";
			targets = (
				A05E8A7428AEFA46007735A0 /* Weather */,
				A05E8A8428AEFA4D007735A0 /* WeatherTests */,
			);
		};
/* End PBXProject section */

/* Begin PBXResourcesBuildPhase section */
		A05E8A7328AEFA46007735A0 /* Resources */ = {
			isa = PBXResourcesBuildPhase;
			buildActionMask = 2147483647;
			files = (
				A05E8A8028AEFA4C007735A0 /* Preview Assets.xcassets in Resources */,
				A05E8A7D28AEFA4C007735A0 /* Assets.xcassets in Resources */,
			);
			runOnlyForDeploymentPostprocessing = 0;
		};
		A05E8A8328AEFA4D007735A0 /* Resources */ = {
			isa = PBXResourcesBuildPhase;
			buildActionMask = 2147483647;
			files = (
				A0706F1228B080640076E38D /* MockWeather.json in Resources */,
			);
			runOnlyForDeploymentPostprocessing = 0;
		};
/* End PBXResourcesBuildPhase section */

/* Begin PBXSourcesBuildPhase section */
		A05E8A7128AEFA46007735A0 /* Sources */ = {
			isa = PBXSourcesBuildPhase;
			buildActionMask = 2147483647;
			files = (
				A0706EF428AEFC680076E38D /* WeatherService.swift in Sources */,
				A0706F0028AF0F7E0076E38D /* HomeViewModel.swift in Sources */,
				A0706F0928B065C30076E38D /* StatusView.swift in Sources */,
				A05E8A7B28AEFA46007735A0 /* HomeView.swift in Sources */,
				A0706EF128AEFC680076E38D /* Request.swift in Sources */,
				A0706EFD28AEFF9A0076E38D /* APIClient.swift in Sources */,
				A0706F0728AFFAA80076E38D /* Double+Extension.swift in Sources */,
				A0706F0428AFD1E30076E38D /* WeatherView.swift in Sources */,
				A0706EF228AEFC680076E38D /* WeatherModel.swift in Sources */,
				A0706EFC28AEFF9A0076E38D /* APIPath.swift in Sources */,
				A0706EF328AEFC680076E38D /* RequestMiddleware.swift in Sources */,
				A05E8A7928AEFA46007735A0 /* WeatherApp.swift in Sources */,
			);
			runOnlyForDeploymentPostprocessing = 0;
		};
		A05E8A8128AEFA4D007735A0 /* Sources */ = {
			isa = PBXSourcesBuildPhase;
			buildActionMask = 2147483647;
			files = (
				A0706F0E28B0778E0076E38D /* MockWeatherService.swift in Sources */,
				A0706F1028B07AEA0076E38D /* Mockable.swift in Sources */,
				A0706F0C28B076D50076E38D /* HomeViewModelTests.swift in Sources */,
			);
			runOnlyForDeploymentPostprocessing = 0;
		};
/* End PBXSourcesBuildPhase section */

/* Begin PBXTargetDependency section */
		A05E8A8728AEFA4D007735A0 /* PBXTargetDependency */ = {
			isa = PBXTargetDependency;
			target = A05E8A7428AEFA46007735A0 /* Weather */;
			targetProxy = A05E8A8628AEFA4D007735A0 /* PBXContainerItemProxy */;
		};
/* End PBXTargetDependency section */

/* Begin XCBuildConfiguration section */
		A05E8A9728AEFA4D007735A0 /* Debug */ = {
			isa = XCBuildConfiguration;
			buildSettings = {
				ALWAYS_SEARCH_USER_PATHS = NO;
				CLANG_ANALYZER_NONNULL = YES;
				CLANG_ANALYZER_NUMBER_OBJECT_CONVERSION = YES_AGGRESSIVE;
				CLANG_CXX_LANGUAGE_STANDARD = "gnu++17";
				CLANG_ENABLE_MODULES = YES;
				CLANG_ENABLE_OBJC_ARC = YES;
				CLANG_ENABLE_OBJC_WEAK = YES;
				CLANG_WARN_BLOCK_CAPTURE_AUTORELEASING = YES;
				CLANG_WARN_BOOL_CONVERSION = YES;
				CLANG_WARN_COMMA = YES;
				CLANG_WARN_CONSTANT_CONVERSION = YES;
				CLANG_WARN_DEPRECATED_OBJC_IMPLEMENTATIONS = YES;
				CLANG_WARN_DIRECT_OBJC_ISA_USAGE = YES_ERROR;
				CLANG_WARN_DOCUMENTATION_COMMENTS = YES;
				CLANG_WARN_EMPTY_BODY = YES;
				CLANG_WARN_ENUM_CONVERSION = YES;
				CLANG_WARN_INFINITE_RECURSION = YES;
				CLANG_WARN_INT_CONVERSION = YES;
				CLANG_WARN_NON_LITERAL_NULL_CONVERSION = YES;
				CLANG_WARN_OBJC_IMPLICIT_RETAIN_SELF = YES;
				CLANG_WARN_OBJC_LITERAL_CONVERSION = YES;
				CLANG_WARN_OBJC_ROOT_CLASS = YES_ERROR;
				CLANG_WARN_QUOTED_INCLUDE_IN_FRAMEWORK_HEADER = YES;
				CLANG_WARN_RANGE_LOOP_ANALYSIS = YES;
				CLANG_WARN_STRICT_PROTOTYPES = YES;
				CLANG_WARN_SUSPICIOUS_MOVE = YES;
				CLANG_WARN_UNGUARDED_AVAILABILITY = YES_AGGRESSIVE;
				CLANG_WARN_UNREACHABLE_CODE = YES;
				CLANG_WARN__DUPLICATE_METHOD_MATCH = YES;
				COPY_PHASE_STRIP = NO;
				DEBUG_INFORMATION_FORMAT = dwarf;
				ENABLE_STRICT_OBJC_MSGSEND = YES;
				ENABLE_TESTABILITY = YES;
				GCC_C_LANGUAGE_STANDARD = gnu11;
				GCC_DYNAMIC_NO_PIC = NO;
				GCC_NO_COMMON_BLOCKS = YES;
				GCC_OPTIMIZATION_LEVEL = 0;
				GCC_PREPROCESSOR_DEFINITIONS = (
					"DEBUG=1",
					"$(inherited)",
				);
				GCC_WARN_64_TO_32_BIT_CONVERSION = YES;
				GCC_WARN_ABOUT_RETURN_TYPE = YES_ERROR;
				GCC_WARN_UNDECLARED_SELECTOR = YES;
				GCC_WARN_UNINITIALIZED_AUTOS = YES_AGGRESSIVE;
				GCC_WARN_UNUSED_FUNCTION = YES;
				GCC_WARN_UNUSED_VARIABLE = YES;
				IPHONEOS_DEPLOYMENT_TARGET = 15.4;
				MTL_ENABLE_DEBUG_INFO = INCLUDE_SOURCE;
				MTL_FAST_MATH = YES;
				ONLY_ACTIVE_ARCH = YES;
				SDKROOT = iphoneos;
				SWIFT_ACTIVE_COMPILATION_CONDITIONS = DEBUG;
				SWIFT_OPTIMIZATION_LEVEL = "-Onone";
			};
			name = Debug;
		};
		A05E8A9828AEFA4D007735A0 /* Release */ = {
			isa = XCBuildConfiguration;
			buildSettings = {
				ALWAYS_SEARCH_USER_PATHS = NO;
				CLANG_ANALYZER_NONNULL = YES;
				CLANG_ANALYZER_NUMBER_OBJECT_CONVERSION = YES_AGGRESSIVE;
				CLANG_CXX_LANGUAGE_STANDARD = "gnu++17";
				CLANG_ENABLE_MODULES = YES;
				CLANG_ENABLE_OBJC_ARC = YES;
				CLANG_ENABLE_OBJC_WEAK = YES;
				CLANG_WARN_BLOCK_CAPTURE_AUTORELEASING = YES;
				CLANG_WARN_BOOL_CONVERSION = YES;
				CLANG_WARN_COMMA = YES;
				CLANG_WARN_CONSTANT_CONVERSION = YES;
				CLANG_WARN_DEPRECATED_OBJC_IMPLEMENTATIONS = YES;
				CLANG_WARN_DIRECT_OBJC_ISA_USAGE = YES_ERROR;
				CLANG_WARN_DOCUMENTATION_COMMENTS = YES;
				CLANG_WARN_EMPTY_BODY = YES;
				CLANG_WARN_ENUM_CONVERSION = YES;
				CLANG_WARN_INFINITE_RECURSION = YES;
				CLANG_WARN_INT_CONVERSION = YES;
				CLANG_WARN_NON_LITERAL_NULL_CONVERSION = YES;
				CLANG_WARN_OBJC_IMPLICIT_RETAIN_SELF = YES;
				CLANG_WARN_OBJC_LITERAL_CONVERSION = YES;
				CLANG_WARN_OBJC_ROOT_CLASS = YES_ERROR;
				CLANG_WARN_QUOTED_INCLUDE_IN_FRAMEWORK_HEADER = YES;
				CLANG_WARN_RANGE_LOOP_ANALYSIS = YES;
				CLANG_WARN_STRICT_PROTOTYPES = YES;
				CLANG_WARN_SUSPICIOUS_MOVE = YES;
				CLANG_WARN_UNGUARDED_AVAILABILITY = YES_AGGRESSIVE;
				CLANG_WARN_UNREACHABLE_CODE = YES;
				CLANG_WARN__DUPLICATE_METHOD_MATCH = YES;
				COPY_PHASE_STRIP = NO;
				DEBUG_INFORMATION_FORMAT = "dwarf-with-dsym";
				ENABLE_NS_ASSERTIONS = NO;
				ENABLE_STRICT_OBJC_MSGSEND = YES;
				GCC_C_LANGUAGE_STANDARD = gnu11;
				GCC_NO_COMMON_BLOCKS = YES;
				GCC_WARN_64_TO_32_BIT_CONVERSION = YES;
				GCC_WARN_ABOUT_RETURN_TYPE = YES_ERROR;
				GCC_WARN_UNDECLARED_SELECTOR = YES;
				GCC_WARN_UNINITIALIZED_AUTOS = YES_AGGRESSIVE;
				GCC_WARN_UNUSED_FUNCTION = YES;
				GCC_WARN_UNUSED_VARIABLE = YES;
				IPHONEOS_DEPLOYMENT_TARGET = 15.4;
				MTL_ENABLE_DEBUG_INFO = NO;
				MTL_FAST_MATH = YES;
				SDKROOT = iphoneos;
				SWIFT_COMPILATION_MODE = wholemodule;
				SWIFT_OPTIMIZATION_LEVEL = "-O";
				VALIDATE_PRODUCT = YES;
			};
			name = Release;
		};
		A05E8A9A28AEFA4D007735A0 /* Debug */ = {
			isa = XCBuildConfiguration;
			buildSettings = {
				API_KEY = a567eca4b52f20847650b5f73af13af9;
				ASSETCATALOG_COMPILER_APPICON_NAME = AppIcon;
				ASSETCATALOG_COMPILER_GLOBAL_ACCENT_COLOR_NAME = AccentColor;
				BASE_URL = "https://api.openweathermap.org/data/2.5/";
				CODE_SIGN_STYLE = Automatic;
				CURRENT_PROJECT_VERSION = 1;
				DEVELOPMENT_ASSET_PATHS = "\"Weather/Preview Content\"";
				DEVELOPMENT_TEAM = EQV48EW98J;
				ENABLE_PREVIEWS = YES;
				GENERATE_INFOPLIST_FILE = YES;
				INFOPLIST_FILE = Weather/Info.plist;
				INFOPLIST_KEY_UIApplicationSceneManifest_Generation = YES;
				INFOPLIST_KEY_UIApplicationSupportsIndirectInputEvents = YES;
				INFOPLIST_KEY_UILaunchScreen_Generation = YES;
				INFOPLIST_KEY_UISupportedInterfaceOrientations_iPad = "UIInterfaceOrientationPortrait UIInterfaceOrientationPortraitUpsideDown UIInterfaceOrientationLandscapeLeft UIInterfaceOrientationLandscapeRight";
				INFOPLIST_KEY_UISupportedInterfaceOrientations_iPhone = "UIInterfaceOrientationPortrait UIInterfaceOrientationLandscapeLeft UIInterfaceOrientationLandscapeRight";
				LD_RUNPATH_SEARCH_PATHS = (
					"$(inherited)",
					"@executable_path/Frameworks",
				);
				MARKETING_VERSION = 1.0;
				PRODUCT_BUNDLE_IDENTIFIER = com.nithaparan.Weather;
				PRODUCT_NAME = "$(TARGET_NAME)";
				SWIFT_EMIT_LOC_STRINGS = YES;
				SWIFT_VERSION = 5.0;
				TARGETED_DEVICE_FAMILY = "1,2";
			};
			name = Debug;
		};
		A05E8A9B28AEFA4D007735A0 /* Release */ = {
			isa = XCBuildConfiguration;
			buildSettings = {
				API_KEY = a567eca4b52f20847650b5f73af13af9;
				ASSETCATALOG_COMPILER_APPICON_NAME = AppIcon;
				ASSETCATALOG_COMPILER_GLOBAL_ACCENT_COLOR_NAME = AccentColor;
				BASE_URL = "https://api.openweathermap.org/data/2.5/";
				CODE_SIGN_STYLE = Automatic;
				CURRENT_PROJECT_VERSION = 1;
				DEVELOPMENT_ASSET_PATHS = "\"Weather/Preview Content\"";
				DEVELOPMENT_TEAM = EQV48EW98J;
				ENABLE_PREVIEWS = YES;
				GENERATE_INFOPLIST_FILE = YES;
				INFOPLIST_FILE = Weather/Info.plist;
				INFOPLIST_KEY_UIApplicationSceneManifest_Generation = YES;
				INFOPLIST_KEY_UIApplicationSupportsIndirectInputEvents = YES;
				INFOPLIST_KEY_UILaunchScreen_Generation = YES;
				INFOPLIST_KEY_UISupportedInterfaceOrientations_iPad = "UIInterfaceOrientationPortrait UIInterfaceOrientationPortraitUpsideDown UIInterfaceOrientationLandscapeLeft UIInterfaceOrientationLandscapeRight";
				INFOPLIST_KEY_UISupportedInterfaceOrientations_iPhone = "UIInterfaceOrientationPortrait UIInterfaceOrientationLandscapeLeft UIInterfaceOrientationLandscapeRight";
				LD_RUNPATH_SEARCH_PATHS = (
					"$(inherited)",
					"@executable_path/Frameworks",
				);
				MARKETING_VERSION = 1.0;
				PRODUCT_BUNDLE_IDENTIFIER = com.nithaparan.Weather;
				PRODUCT_NAME = "$(TARGET_NAME)";
				SWIFT_EMIT_LOC_STRINGS = YES;
				SWIFT_VERSION = 5.0;
				TARGETED_DEVICE_FAMILY = "1,2";
			};
			name = Release;
		};
		A05E8A9D28AEFA4D007735A0 /* Debug */ = {
			isa = XCBuildConfiguration;
			buildSettings = {
				ALWAYS_EMBED_SWIFT_STANDARD_LIBRARIES = YES;
				BUNDLE_LOADER = "$(TEST_HOST)";
				CODE_SIGN_STYLE = Automatic;
				CURRENT_PROJECT_VERSION = 1;
				DEVELOPMENT_TEAM = EQV48EW98J;
				GENERATE_INFOPLIST_FILE = YES;
				IPHONEOS_DEPLOYMENT_TARGET = 15.4;
				MARKETING_VERSION = 1.0;
				PRODUCT_BUNDLE_IDENTIFIER = com.nithaparan.WeatherTests;
				PRODUCT_NAME = "$(TARGET_NAME)";
				SWIFT_EMIT_LOC_STRINGS = NO;
				SWIFT_VERSION = 5.0;
				TARGETED_DEVICE_FAMILY = "1,2";
				TEST_HOST = "$(BUILT_PRODUCTS_DIR)/Weather.app/Weather";
			};
			name = Debug;
		};
		A05E8A9E28AEFA4D007735A0 /* Release */ = {
			isa = XCBuildConfiguration;
			buildSettings = {
				ALWAYS_EMBED_SWIFT_STANDARD_LIBRARIES = YES;
				BUNDLE_LOADER = "$(TEST_HOST)";
				CODE_SIGN_STYLE = Automatic;
				CURRENT_PROJECT_VERSION = 1;
				DEVELOPMENT_TEAM = EQV48EW98J;
				GENERATE_INFOPLIST_FILE = YES;
				IPHONEOS_DEPLOYMENT_TARGET = 15.4;
				MARKETING_VERSION = 1.0;
				PRODUCT_BUNDLE_IDENTIFIER = com.nithaparan.WeatherTests;
				PRODUCT_NAME = "$(TARGET_NAME)";
				SWIFT_EMIT_LOC_STRINGS = NO;
				SWIFT_VERSION = 5.0;
				TARGETED_DEVICE_FAMILY = "1,2";
				TEST_HOST = "$(BUILT_PRODUCTS_DIR)/Weather.app/Weather";
			};
			name = Release;
		};
/* End XCBuildConfiguration section */

/* Begin XCConfigurationList section */
		A05E8A7028AEFA46007735A0 /* Build configuration list for PBXProject "Weather" */ = {
			isa = XCConfigurationList;
			buildConfigurations = (
				A05E8A9728AEFA4D007735A0 /* Debug */,
				A05E8A9828AEFA4D007735A0 /* Release */,
			);
			defaultConfigurationIsVisible = 0;
			defaultConfigurationName = Release;
		};
		A05E8A9928AEFA4D007735A0 /* Build configuration list for PBXNativeTarget "Weather" */ = {
			isa = XCConfigurationList;
			buildConfigurations = (
				A05E8A9A28AEFA4D007735A0 /* Debug */,
				A05E8A9B28AEFA4D007735A0 /* Release */,
			);
			defaultConfigurationIsVisible = 0;
			defaultConfigurationName = Release;
		};
		A05E8A9C28AEFA4D007735A0 /* Build configuration list for PBXNativeTarget "WeatherTests" */ = {
			isa = XCConfigurationList;
			buildConfigurations = (
				A05E8A9D28AEFA4D007735A0 /* Debug */,
				A05E8A9E28AEFA4D007735A0 /* Release */,
			);
			defaultConfigurationIsVisible = 0;
			defaultConfigurationName = Release;
		};
/* End XCConfigurationList section */
	};
	rootObject = A05E8A6D28AEFA46007735A0 /* Project object */;
}
